
Microsoft Visual Studio Solution File, Format Version 12.00
# Visual Studio 15
VisualStudioVersion = 15.0.27004.2005
MinimumVisualStudioVersion = 10.0.40219.1
Project("{FAE04EC0-301F-11D3-BF4B-00C04F79EFBC}") = "DALIA", "DALIA\DALIA.csproj", "{9D33BAEB-4368-4CA5-84F7-67145FB3CD33}"
EndProject
Project("{FAE04EC0-301F-11D3-BF4B-00C04F79EFBC}") = "DALIA.LinqToDB", "DALIA.LinqToDB\DALIA.LinqToDB.csproj", "{23805C24-D054-4B63-A504-DFA833FD19B1}"
EndProject
Project("{FAE04EC0-301F-11D3-BF4B-00C04F79EFBC}") = "Dynamix", "Subrepos\Dynamix\Dynamix\Dynamix.csproj", "{8CD44B0C-C50D-4328-8EFD-9B0B4DD9BDD2}"
EndProject
Project("{FAE04EC0-301F-11D3-BF4B-00C04F79EFBC}") = "DALIA.Tests", "DALIA.Tests\DALIA.Tests.csproj", "{99B99099-1DEB-455A-9C33-6BDAF003A438}"
EndProject
Project("{FAE04EC0-301F-11D3-BF4B-00C04F79EFBC}") = "DALIA.DI.Unity", "DALIA.DI.Unity\DALIA.DI.Unity.csproj", "{761FE9B1-01AA-456A-B641-69E6FFA2113E}"
EndProject
Project("{FAE04EC0-301F-11D3-BF4B-00C04F79EFBC}") = "DALIA.LinqToDB.DI.Unity", "DALIA.LinqToDB.DI.Unity\DALIA.LinqToDB.DI.Unity.csproj", "{B22CFB35-9A8C-41DD-8C62-89B71E82412B}"
EndProject
Project("{FAE04EC0-301F-11D3-BF4B-00C04F79EFBC}") = "DALIA.Mapping.AutoMapper", "DALIA.Mapping.AutoMapper\DALIA.Mapping.AutoMapper.csproj", "{2CB927B4-84A5-4486-B027-A6AA096C8AEF}"
EndProject
Global
	GlobalSection(SolutionConfigurationPlatforms) = preSolution
		Debug|Any CPU = Debug|Any CPU
		Release|Any CPU = Release|Any CPU
	EndGlobalSection
	GlobalSection(ProjectConfigurationPlatforms) = postSolution
		{9D33BAEB-4368-4CA5-84F7-67145FB3CD33}.Debug|Any CPU.ActiveCfg = Debug|Any CPU
		{9D33BAEB-4368-4CA5-84F7-67145FB3CD33}.Debug|Any CPU.Build.0 = Debug|Any CPU
		{9D33BAEB-4368-4CA5-84F7-67145FB3CD33}.Release|Any CPU.ActiveCfg = Release|Any CPU
		{9D33BAEB-4368-4CA5-84F7-67145FB3CD33}.Release|Any CPU.Build.0 = Release|Any CPU
		{23805C24-D054-4B63-A504-DFA833FD19B1}.Debug|Any CPU.ActiveCfg = Debug|Any CPU
		{23805C24-D054-4B63-A504-DFA833FD19B1}.Debug|Any CPU.Build.0 = Debug|Any CPU
		{23805C24-D054-4B63-A504-DFA833FD19B1}.Release|Any CPU.ActiveCfg = Release|Any CPU
		{23805C24-D054-4B63-A504-DFA833FD19B1}.Release|Any CPU.Build.0 = Release|Any CPU
		{8CD44B0C-C50D-4328-8EFD-9B0B4DD9BDD2}.Debug|Any CPU.ActiveCfg = Debug|Any CPU
		{8CD44B0C-C50D-4328-8EFD-9B0B4DD9BDD2}.Debug|Any CPU.Build.0 = Debug|Any CPU
		{8CD44B0C-C50D-4328-8EFD-9B0B4DD9BDD2}.Release|Any CPU.ActiveCfg = Release|Any CPU
		{8CD44B0C-C50D-4328-8EFD-9B0B4DD9BDD2}.Release|Any CPU.Build.0 = Release|Any CPU
		{99B99099-1DEB-455A-9C33-6BDAF003A438}.Debug|Any CPU.ActiveCfg = Debug|Any CPU
		{99B99099-1DEB-455A-9C33-6BDAF003A438}.Debug|Any CPU.Build.0 = Debug|Any CPU
		{99B99099-1DEB-455A-9C33-6BDAF003A438}.Release|Any CPU.ActiveCfg = Release|Any CPU
		{99B99099-1DEB-455A-9C33-6BDAF003A438}.Release|Any CPU.Build.0 = Release|Any CPU
		{761FE9B1-01AA-456A-B641-69E6FFA2113E}.Debug|Any CPU.ActiveCfg = Debug|Any CPU
		{761FE9B1-01AA-456A-B641-69E6FFA2113E}.Debug|Any CPU.Build.0 = Debug|Any CPU
		{761FE9B1-01AA-456A-B641-69E6FFA2113E}.Release|Any CPU.ActiveCfg = Release|Any CPU
		{761FE9B1-01AA-456A-B641-69E6FFA2113E}.Release|Any CPU.Build.0 = Release|Any CPU
		{B22CFB35-9A8C-41DD-8C62-89B71E82412B}.Debug|Any CPU.ActiveCfg = Debug|Any CPU
		{B22CFB35-9A8C-41DD-8C62-89B71E82412B}.Debug|Any CPU.Build.0 = Debug|Any CPU
		{B22CFB35-9A8C-41DD-8C62-89B71E82412B}.Release|Any CPU.ActiveCfg = Release|Any CPU
		{B22CFB35-9A8C-41DD-8C62-89B71E82412B}.Release|Any CPU.Build.0 = Release|Any CPU
		{2CB927B4-84A5-4486-B027-A6AA096C8AEF}.Debug|Any CPU.ActiveCfg = Debug|Any CPU
		{2CB927B4-84A5-4486-B027-A6AA096C8AEF}.Debug|Any CPU.Build.0 = Debug|Any CPU
		{2CB927B4-84A5-4486-B027-A6AA096C8AEF}.Release|Any CPU.ActiveCfg = Release|Any CPU
		{2CB927B4-84A5-4486-B027-A6AA096C8AEF}.Release|Any CPU.Build.0 = Release|Any CPU
	EndGlobalSection
	GlobalSection(SolutionProperties) = preSolution
		HideSolutionNode = FALSE
	EndGlobalSection
	GlobalSection(ExtensibilityGlobals) = postSolution
		SolutionGuid = {4784CD1B-7BAC-45E8-96E7-C968F3663DA8}
	EndGlobalSection
EndGlobal
